
Microsoft Visual Studio Solution File, Format Version 12.00
# Visual Studio 15
VisualStudioVersion = 15.0.28010.2046
MinimumVisualStudioVersion = 10.0.40219.1
Project("{FAE04EC0-301F-11D3-BF4B-00C04F79EFBC}") = "BusyStateManager", "src\BusyStateManager.csproj", "{C556993F-3D7E-468C-A16A-ABCC9CA54AC0}"
EndProject
Global
	GlobalSection(SolutionConfigurationPlatforms) = preSolution
		Debug|Any CPU = Debug|Any CPU
		Release|Any CPU = Release|Any CPU
	EndGlobalSection
	GlobalSection(ProjectConfigurationPlatforms) = postSolution
		{C556993F-3D7E-468C-A16A-ABCC9CA54AC0}.Debug|Any CPU.ActiveCfg = Debug|Any CPU
		{C556993F-3D7E-468C-A16A-ABCC9CA54AC0}.Debug|Any CPU.Build.0 = Debug|Any CPU
		{C556993F-3D7E-468C-A16A-ABCC9CA54AC0}.Release|Any CPU.ActiveCfg = Release|Any CPU
		{C556993F-3D7E-468C-A16A-ABCC9CA54AC0}.Release|Any CPU.Build.0 = Release|Any CPU
	EndGlobalSection
	GlobalSection(SolutionProperties) = preSolution
		HideSolutionNode = FALSE
	EndGlobalSection
	GlobalSection(ExtensibilityGlobals) = postSolution
		SolutionGuid = {82827E67-69C1-4A0B-86C0-5CBD6FDADFC1}
	EndGlobalSection
EndGlobal
