
Microsoft Visual Studio Solution File, Format Version 12.00
# Visual Studio 15
VisualStudioVersion = 15.0.26124.0
MinimumVisualStudioVersion = 15.0.26124.0
Project("{FAE04EC0-301F-11D3-BF4B-00C04F79EFBC}") = "BusyStateManagerStd", "BusyStateManagerStd\BusyStateManagerStd.csproj", "{3BF0462E-7565-48B4-82E5-69CAF6D26E7F}"
EndProject
Project("{FAE04EC0-301F-11D3-BF4B-00C04F79EFBC}") = "BusyStateManagerStd.Test", "BusyStateManagerStd.Test\BusyStateManagerStd.Test.csproj", "{D8CEB08B-D508-431B-9089-D0850336D4B5}"
EndProject
Global
	GlobalSection(SolutionConfigurationPlatforms) = preSolution
		Debug|Any CPU = Debug|Any CPU
		Debug|x64 = Debug|x64
		Debug|x86 = Debug|x86
		Release|Any CPU = Release|Any CPU
		Release|x64 = Release|x64
		Release|x86 = Release|x86
	EndGlobalSection
	GlobalSection(SolutionProperties) = preSolution
		HideSolutionNode = FALSE
	EndGlobalSection
	GlobalSection(ProjectConfigurationPlatforms) = postSolution
		{3BF0462E-7565-48B4-82E5-69CAF6D26E7F}.Debug|Any CPU.ActiveCfg = Debug|Any CPU
		{3BF0462E-7565-48B4-82E5-69CAF6D26E7F}.Debug|Any CPU.Build.0 = Debug|Any CPU
		{3BF0462E-7565-48B4-82E5-69CAF6D26E7F}.Debug|x64.ActiveCfg = Debug|Any CPU
		{3BF0462E-7565-48B4-82E5-69CAF6D26E7F}.Debug|x64.Build.0 = Debug|Any CPU
		{3BF0462E-7565-48B4-82E5-69CAF6D26E7F}.Debug|x86.ActiveCfg = Debug|Any CPU
		{3BF0462E-7565-48B4-82E5-69CAF6D26E7F}.Debug|x86.Build.0 = Debug|Any CPU
		{3BF0462E-7565-48B4-82E5-69CAF6D26E7F}.Release|Any CPU.ActiveCfg = Release|Any CPU
		{3BF0462E-7565-48B4-82E5-69CAF6D26E7F}.Release|Any CPU.Build.0 = Release|Any CPU
		{3BF0462E-7565-48B4-82E5-69CAF6D26E7F}.Release|x64.ActiveCfg = Release|Any CPU
		{3BF0462E-7565-48B4-82E5-69CAF6D26E7F}.Release|x64.Build.0 = Release|Any CPU
		{3BF0462E-7565-48B4-82E5-69CAF6D26E7F}.Release|x86.ActiveCfg = Release|Any CPU
		{3BF0462E-7565-48B4-82E5-69CAF6D26E7F}.Release|x86.Build.0 = Release|Any CPU
		{D8CEB08B-D508-431B-9089-D0850336D4B5}.Debug|Any CPU.ActiveCfg = Debug|Any CPU
		{D8CEB08B-D508-431B-9089-D0850336D4B5}.Debug|Any CPU.Build.0 = Debug|Any CPU
		{D8CEB08B-D508-431B-9089-D0850336D4B5}.Debug|x64.ActiveCfg = Debug|Any CPU
		{D8CEB08B-D508-431B-9089-D0850336D4B5}.Debug|x64.Build.0 = Debug|Any CPU
		{D8CEB08B-D508-431B-9089-D0850336D4B5}.Debug|x86.ActiveCfg = Debug|Any CPU
		{D8CEB08B-D508-431B-9089-D0850336D4B5}.Debug|x86.Build.0 = Debug|Any CPU
		{D8CEB08B-D508-431B-9089-D0850336D4B5}.Release|Any CPU.ActiveCfg = Release|Any CPU
		{D8CEB08B-D508-431B-9089-D0850336D4B5}.Release|Any CPU.Build.0 = Release|Any CPU
		{D8CEB08B-D508-431B-9089-D0850336D4B5}.Release|x64.ActiveCfg = Release|Any CPU
		{D8CEB08B-D508-431B-9089-D0850336D4B5}.Release|x64.Build.0 = Release|Any CPU
		{D8CEB08B-D508-431B-9089-D0850336D4B5}.Release|x86.ActiveCfg = Release|Any CPU
		{D8CEB08B-D508-431B-9089-D0850336D4B5}.Release|x86.Build.0 = Release|Any CPU
	EndGlobalSection
EndGlobal
