
Microsoft Visual Studio Solution File, Format Version 12.00
# Visual Studio 15
VisualStudioVersion = 15.0.28307.1000
MinimumVisualStudioVersion = 10.0.40219.1
Project("{FAE04EC0-301F-11D3-BF4B-00C04F79EFBC}") = "BusyStateManager", "BusyStateManager\BusyStateManager.csproj", "{7792AC59-996A-4300-98A5-195BDB30EA63}"
EndProject
Project("{FAE04EC0-301F-11D3-BF4B-00C04F79EFBC}") = "BusyStateManager.Test", "BusyStateManager.Test\BusyStateManager.Test.csproj", "{0A155914-EA1E-454F-9D40-DB4A22847807}"
EndProject
Global
	GlobalSection(SolutionConfigurationPlatforms) = preSolution
		Debug|Any CPU = Debug|Any CPU
		Release|Any CPU = Release|Any CPU
	EndGlobalSection
	GlobalSection(ProjectConfigurationPlatforms) = postSolution
		{7792AC59-996A-4300-98A5-195BDB30EA63}.Debug|Any CPU.ActiveCfg = Debug|Any CPU
		{7792AC59-996A-4300-98A5-195BDB30EA63}.Debug|Any CPU.Build.0 = Debug|Any CPU
		{7792AC59-996A-4300-98A5-195BDB30EA63}.Release|Any CPU.ActiveCfg = Release|Any CPU
		{7792AC59-996A-4300-98A5-195BDB30EA63}.Release|Any CPU.Build.0 = Release|Any CPU
		{0A155914-EA1E-454F-9D40-DB4A22847807}.Debug|Any CPU.ActiveCfg = Debug|Any CPU
		{0A155914-EA1E-454F-9D40-DB4A22847807}.Debug|Any CPU.Build.0 = Debug|Any CPU
		{0A155914-EA1E-454F-9D40-DB4A22847807}.Release|Any CPU.ActiveCfg = Release|Any CPU
		{0A155914-EA1E-454F-9D40-DB4A22847807}.Release|Any CPU.Build.0 = Release|Any CPU
	EndGlobalSection
	GlobalSection(SolutionProperties) = preSolution
		HideSolutionNode = FALSE
	EndGlobalSection
	GlobalSection(ExtensibilityGlobals) = postSolution
		SolutionGuid = {025C349A-DAE2-46E9-9657-938BB82D9ED6}
	EndGlobalSection
EndGlobal
